Microsoft Visual Studio Solution File, Format Version 12.00
# Visual Studio Version 17
VisualStudioVersion = 17.5.2.0
MinimumVisualStudioVersion = 10.0.40219.1
Project("{FAE04EC0-301F-11D3-BF4B-00C04F79EFBC}") = "IssueService", "IssueService\IssueService.csproj", "{8EAD84FE-C288-88D1-5DD6-8BC2D176ECF4}"
EndProject
Global
	GlobalSection(SolutionConfigurationPlatforms) = preSolution
		Debug|Any CPU = Debug|Any CPU
		Release|Any CPU = Release|Any CPU
	EndGlobalSection
	GlobalSection(ProjectConfigurationPlatforms) = postSolution
		{8EAD84FE-C288-88D1-5DD6-8BC2D176ECF4}.Debug|Any CPU.ActiveCfg = Debug|Any CPU
		{8EAD84FE-C288-88D1-5DD6-8BC2D176ECF4}.Debug|Any CPU.Build.0 = Debug|Any CPU
		{8EAD84FE-C288-88D1-5DD6-8BC2D176ECF4}.Release|Any CPU.ActiveCfg = Release|Any CPU
		{8EAD84FE-C288-88D1-5DD6-8BC2D176ECF4}.Release|Any CPU.Build.0 = Release|Any CPU
	EndGlobalSection
	GlobalSection(SolutionProperties) = preSolution
		HideSolutionNode = FALSE
	EndGlobalSection
	GlobalSection(ExtensibilityGlobals) = postSolution
		SolutionGuid = {C860C078-F748-4A40-AF05-AD0AAC59A0FD}
	EndGlobalSection
EndGlobal
